
Microsoft Visual Studio Solution File, Format Version 12.00
# Visual Studio Version 17
VisualStudioVersion = 17.9.34902.65
MinimumVisualStudioVersion = 10.0.40219.1
Project("{FAE04EC0-301F-11D3-BF4B-00C04F79EFBC}") = "HomeWork1", "HomeWork1\HomeWork1.csproj", "{30C35295-9B06-4FC0-BF35-75D14CB7390D}"
EndProject
Project("{FAE04EC0-301F-11D3-BF4B-00C04F79EFBC}") = "HomeWork1_1", "HomeWork1_1\HomeWork1_1.csproj", "{96747DBD-891D-49F5-AA25-75DB9CC7DE2A}"
EndProject
Global
	GlobalSection(SolutionConfigurationPlatforms) = preSolution
		Debug|Any CPU = Debug|Any CPU
		Release|Any CPU = Release|Any CPU
	EndGlobalSection
	GlobalSection(ProjectConfigurationPlatforms) = postSolution
		{30C35295-9B06-4FC0-BF35-75D14CB7390D}.Debug|Any CPU.ActiveCfg = Debug|Any CPU
		{30C35295-9B06-4FC0-BF35-75D14CB7390D}.Debug|Any CPU.Build.0 = Debug|Any CPU
		{30C35295-9B06-4FC0-BF35-75D14CB7390D}.Release|Any CPU.ActiveCfg = Release|Any CPU
		{30C35295-9B06-4FC0-BF35-75D14CB7390D}.Release|Any CPU.Build.0 = Release|Any CPU
		{96747DBD-891D-49F5-AA25-75DB9CC7DE2A}.Debug|Any CPU.ActiveCfg = Debug|Any CPU
		{96747DBD-891D-49F5-AA25-75DB9CC7DE2A}.Debug|Any CPU.Build.0 = Debug|Any CPU
		{96747DBD-891D-49F5-AA25-75DB9CC7DE2A}.Release|Any CPU.ActiveCfg = Release|Any CPU
		{96747DBD-891D-49F5-AA25-75DB9CC7DE2A}.Release|Any CPU.Build.0 = Release|Any CPU
	EndGlobalSection
	GlobalSection(SolutionProperties) = preSolution
		HideSolutionNode = FALSE
	EndGlobalSection
	GlobalSection(ExtensibilityGlobals) = postSolution
		SolutionGuid = {CDD5362F-AC73-483B-83B3-C283D610E658}
	EndGlobalSection
EndGlobal
